
Microsoft Visual Studio Solution File, Format Version 9.00
# Visual Studio 2005
Project("{FAE04EC0-301F-11D3-BF4B-00C04F79EFBC}") = "p181_csharpForms", "p181_csharpForms\p181_csharpForms.csproj", "{A80E45F8-9954-4D45-9A52-78E56FC7DB1F}"
EndProject
Project("{94D665CA-D915-4DE1-AA53-913450A1AE2D}") = "p181_fsharpApp", "p181_fsharpApp\p181_fsharpApp.fsharpp", "{A2173ED2-D754-4C0D-BB49-9DF4206DB7F3}"
EndProject
Global
	GlobalSection(SolutionConfigurationPlatforms) = preSolution
		Debug|Any CPU = Debug|Any CPU
		Debug|Mixed Platforms = Debug|Mixed Platforms
		Debug|Win32 = Debug|Win32
		Release|Any CPU = Release|Any CPU
		Release|Mixed Platforms = Release|Mixed Platforms
		Release|Win32 = Release|Win32
	EndGlobalSection
	GlobalSection(ProjectConfigurationPlatforms) = postSolution
		{A80E45F8-9954-4D45-9A52-78E56FC7DB1F}.Debug|Any CPU.ActiveCfg = Debug|Any CPU
		{A80E45F8-9954-4D45-9A52-78E56FC7DB1F}.Debug|Any CPU.Build.0 = Debug|Any CPU
		{A80E45F8-9954-4D45-9A52-78E56FC7DB1F}.Debug|Mixed Platforms.ActiveCfg = Debug|Any CPU
		{A80E45F8-9954-4D45-9A52-78E56FC7DB1F}.Debug|Mixed Platforms.Build.0 = Debug|Any CPU
		{A80E45F8-9954-4D45-9A52-78E56FC7DB1F}.Debug|Win32.ActiveCfg = Debug|Any CPU
		{A80E45F8-9954-4D45-9A52-78E56FC7DB1F}.Release|Any CPU.ActiveCfg = Release|Any CPU
		{A80E45F8-9954-4D45-9A52-78E56FC7DB1F}.Release|Any CPU.Build.0 = Release|Any CPU
		{A80E45F8-9954-4D45-9A52-78E56FC7DB1F}.Release|Mixed Platforms.ActiveCfg = Release|Any CPU
		{A80E45F8-9954-4D45-9A52-78E56FC7DB1F}.Release|Mixed Platforms.Build.0 = Release|Any CPU
		{A80E45F8-9954-4D45-9A52-78E56FC7DB1F}.Release|Win32.ActiveCfg = Release|Any CPU
		{A2173ED2-D754-4C0D-BB49-9DF4206DB7F3}.Debug|Any CPU.ActiveCfg = Debug|Win32
		{A2173ED2-D754-4C0D-BB49-9DF4206DB7F3}.Debug|Mixed Platforms.ActiveCfg = Debug|Win32
		{A2173ED2-D754-4C0D-BB49-9DF4206DB7F3}.Debug|Mixed Platforms.Build.0 = Debug|Win32
		{A2173ED2-D754-4C0D-BB49-9DF4206DB7F3}.Debug|Win32.ActiveCfg = Debug|Win32
		{A2173ED2-D754-4C0D-BB49-9DF4206DB7F3}.Debug|Win32.Build.0 = Debug|Win32
		{A2173ED2-D754-4C0D-BB49-9DF4206DB7F3}.Release|Any CPU.ActiveCfg = Release|Win32
		{A2173ED2-D754-4C0D-BB49-9DF4206DB7F3}.Release|Mixed Platforms.ActiveCfg = Release|Win32
		{A2173ED2-D754-4C0D-BB49-9DF4206DB7F3}.Release|Mixed Platforms.Build.0 = Release|Win32
		{A2173ED2-D754-4C0D-BB49-9DF4206DB7F3}.Release|Win32.ActiveCfg = Release|Win32
		{A2173ED2-D754-4C0D-BB49-9DF4206DB7F3}.Release|Win32.Build.0 = Release|Win32
	EndGlobalSection
	GlobalSection(SolutionProperties) = preSolution
		HideSolutionNode = FALSE
	EndGlobalSection
EndGlobal
